// !$*UTF8*$!
{
	archiveVersion = 1;
	classes = {
	};
	objectVersion = 46;
	objects = {

/* Begin PBXBuildFile section */
		C926C6DF1CD17617001D14AD /* TangentDataModel.xcdatamodeld in Sources */ = {isa = PBXBuildFile; fileRef = C926C6DD1CD17617001D14AD /* TangentDataModel.xcdatamodeld */; };
		C926C6E21CD1799F001D14AD /* Room+CoreDataProperties.swift in Sources */ = {isa = PBXBuildFile; fileRef = C926C6E01CD1799F001D14AD /* Room+CoreDataProperties.swift */; };
		C926C6E31CD1799F001D14AD /* Room.swift in Sources */ = {isa = PBXBuildFile; fileRef = C926C6E11CD1799F001D14AD /* Room.swift */; };
		C926C6E51CD18088001D14AD /* DataController.swift in Sources */ = {isa = PBXBuildFile; fileRef = C926C6E41CD18088001D14AD /* DataController.swift */; };
		C926C6E61CD18537001D14AD /* libsqlite3.tbd in Frameworks */ = {isa = PBXBuildFile; fileRef = C98B8F141CCFD2610034DCB6 /* libsqlite3.tbd */; };
		C926C6E81CD18D59001D14AD /* RoomViewController.swift in Sources */ = {isa = PBXBuildFile; fileRef = C926C6E71CD18D59001D14AD /* RoomViewController.swift */; };
		C927663C1CC9A85B003217D6 /* DataHelper.swift in Sources */ = {isa = PBXBuildFile; fileRef = C927663B1CC9A85B003217D6 /* DataHelper.swift */; };
		C927663E1CC9A8FB003217D6 /* absorption-coefficients.csv in Resources */ = {isa = PBXBuildFile; fileRef = C927663D1CC9A8FB003217D6 /* absorption-coefficients.csv */; };
		C98B8F131CCFD0EC0034DCB6 /* DBController.swift in Sources */ = {isa = PBXBuildFile; fileRef = C98B8F121CCFD0EC0034DCB6 /* DBController.swift */; };
		C98B8F221CCFD2FC0034DCB6 /* FMDatabase.m in Sources */ = {isa = PBXBuildFile; fileRef = C98B8F191CCFD2FC0034DCB6 /* FMDatabase.m */; };
		C98B8F231CCFD2FC0034DCB6 /* FMResultSet.m in Sources */ = {isa = PBXBuildFile; fileRef = C98B8F1B1CCFD2FC0034DCB6 /* FMResultSet.m */; };
		C98B8F241CCFD2FC0034DCB6 /* FMDatabaseQueue.m in Sources */ = {isa = PBXBuildFile; fileRef = C98B8F1D1CCFD2FC0034DCB6 /* FMDatabaseQueue.m */; };
		C98B8F251CCFD2FC0034DCB6 /* FMDatabaseAdditions.m in Sources */ = {isa = PBXBuildFile; fileRef = C98B8F1F1CCFD2FC0034DCB6 /* FMDatabaseAdditions.m */; };
		C98B8F261CCFD2FC0034DCB6 /* FMDatabasePool.m in Sources */ = {isa = PBXBuildFile; fileRef = C98B8F211CCFD2FC0034DCB6 /* FMDatabasePool.m */; };
		C9B2321E1CC5870B003105CF /* AppDelegate.swift in Sources */ = {isa = PBXBuildFile; fileRef = C9B2321D1CC5870B003105CF /* AppDelegate.swift */; };
		C9B232231CC5870B003105CF /* Main.storyboard in Resources */ = {isa = PBXBuildFile; fileRef = C9B232211CC5870B003105CF /* Main.storyboard */; };
		C9B232251CC5870B003105CF /* Assets.xcassets in Resources */ = {isa = PBXBuildFile; fileRef = C9B232241CC5870B003105CF /* Assets.xcassets */; };
		C9B232281CC5870B003105CF /* LaunchScreen.storyboard in Resources */ = {isa = PBXBuildFile; fileRef = C9B232261CC5870B003105CF /* LaunchScreen.storyboard */; };
		C9B232301CC58B15003105CF /* NewRoomViewController.swift in Sources */ = {isa = PBXBuildFile; fileRef = C9B2322F1CC58B15003105CF /* NewRoomViewController.swift */; };
		C9B232361CC6AC98003105CF /* RoomCollectionViewController.swift in Sources */ = {isa = PBXBuildFile; fileRef = C9B232351CC6AC98003105CF /* RoomCollectionViewController.swift */; };
		C9B232381CC6B5E8003105CF /* RoomCollectionViewCell.swift in Sources */ = {isa = PBXBuildFile; fileRef = C9B232371CC6B5E8003105CF /* RoomCollectionViewCell.swift */; };
/* End PBXBuildFile section */

/* Begin PBXFileReference section */
		C926C6DE1CD17617001D14AD /* TangentDataModel.xcdatamodel */ = {isa = PBXFileReference; lastKnownFileType = wrapper.xcdatamodel; path = TangentDataModel.xcdatamodel; sourceTree = "<group>"; };
		C926C6E01CD1799F001D14AD /* Room+CoreDataProperties.swift */ = {isa = PBXFileReference; fileEncoding = 4; lastKnownFileType = sourcecode.swift; path = "Room+CoreDataProperties.swift"; sourceTree = "<group>"; };
		C926C6E11CD1799F001D14AD /* Room.swift */ = {isa = PBXFileReference; fileEncoding = 4; lastKnownFileType = sourcecode.swift; path = Room.swift; sourceTree = "<group>"; };
		C926C6E41CD18088001D14AD /* DataController.swift */ = {isa = PBXFileReference; fileEncoding = 4; lastKnownFileType = sourcecode.swift; name = DataController.swift; path = ../DataController.swift; sourceTree = "<group>"; };
		C926C6E71CD18D59001D14AD /* RoomViewController.swift */ = {isa = PBXFileReference; fileEncoding = 4; lastKnownFileType = sourcecode.swift; path = RoomViewController.swift; sourceTree = "<group>"; };
		C927663B1CC9A85B003217D6 /* DataHelper.swift */ = {isa = PBXFileReference; fileEncoding = 4; lastKnownFileType = sourcecode.swift; path = DataHelper.swift; sourceTree = "<group>"; };
		C927663D1CC9A8FB003217D6 /* absorption-coefficients.csv */ = {isa = PBXFileReference; fileEncoding = 4; lastKnownFileType = text; path = "absorption-coefficients.csv"; sourceTree = "<group>"; };
		C98B8F121CCFD0EC0034DCB6 /* DBController.swift */ = {isa = PBXFileReference; fileEncoding = 4; lastKnownFileType = sourcecode.swift; path = DBController.swift; sourceTree = "<group>"; };
		C98B8F141CCFD2610034DCB6 /* libsqlite3.tbd */ = {isa = PBXFileReference; lastKnownFileType = "sourcecode.text-based-dylib-definition"; name = libsqlite3.tbd; path = usr/lib/libsqlite3.tbd; sourceTree = SDKROOT; };
		C98B8F161CCFD2FC0034DCB6 /* Tangent-Bridging-Header.h */ = {isa = PBXFileReference; lastKnownFileType = sourcecode.c.h; path = "Tangent-Bridging-Header.h"; sourceTree = "<group>"; };
		C98B8F171CCFD2FC0034DCB6 /* FMDB.h */ = {isa = PBXFileReference; fileEncoding = 4; lastKnownFileType = sourcecode.c.h; name = FMDB.h; path = fmdb/src/fmdb/FMDB.h; sourceTree = SOURCE_ROOT; };
		C98B8F181CCFD2FC0034DCB6 /* FMDatabase.h */ = {isa = PBXFileReference; fileEncoding = 4; lastKnownFileType = sourcecode.c.h; name = FMDatabase.h; path = fmdb/src/fmdb/FMDatabase.h; sourceTree = SOURCE_ROOT; };
		C98B8F191CCFD2FC0034DCB6 /* FMDatabase.m */ = {isa = PBXFileReference; fileEncoding = 4; lastKnownFileType = sourcecode.c.objc; name = FMDatabase.m; path = fmdb/src/fmdb/FMDatabase.m; sourceTree = SOURCE_ROOT; };
		C98B8F1A1CCFD2FC0034DCB6 /* FMResultSet.h */ = {isa = PBXFileReference; fileEncoding = 4; lastKnownFileType = sourcecode.c.h; name = FMResultSet.h; path = fmdb/src/fmdb/FMResultSet.h; sourceTree = SOURCE_ROOT; };
		C98B8F1B1CCFD2FC0034DCB6 /* FMResultSet.m */ = {isa = PBXFileReference; fileEncoding = 4; lastKnownFileType = sourcecode.c.objc; name = FMResultSet.m; path = fmdb/src/fmdb/FMResultSet.m; sourceTree = SOURCE_ROOT; };
		C98B8F1C1CCFD2FC0034DCB6 /* FMDatabaseQueue.h */ = {isa = PBXFileReference; fileEncoding = 4; lastKnownFileType = sourcecode.c.h; name = FMDatabaseQueue.h; path = fmdb/src/fmdb/FMDatabaseQueue.h; sourceTree = SOURCE_ROOT; };
		C98B8F1D1CCFD2FC0034DCB6 /* FMDatabaseQueue.m */ = {isa = PBXFileReference; fileEncoding = 4; lastKnownFileType = sourcecode.c.objc; name = FMDatabaseQueue.m; path = fmdb/src/fmdb/FMDatabaseQueue.m; sourceTree = SOURCE_ROOT; };
		C98B8F1E1CCFD2FC0034DCB6 /* FMDatabaseAdditions.h */ = {isa = PBXFileReference; fileEncoding = 4; lastKnownFileType = sourcecode.c.h; name = FMDatabaseAdditions.h; path = fmdb/src/fmdb/FMDatabaseAdditions.h; sourceTree = SOURCE_ROOT; };
		C98B8F1F1CCFD2FC0034DCB6 /* FMDatabaseAdditions.m */ = {isa = PBXFileReference; fileEncoding = 4; lastKnownFileType = sourcecode.c.objc; name = FMDatabaseAdditions.m; path = fmdb/src/fmdb/FMDatabaseAdditions.m; sourceTree = SOURCE_ROOT; };
		C98B8F201CCFD2FC0034DCB6 /* FMDatabasePool.h */ = {isa = PBXFileReference; fileEncoding = 4; lastKnownFileType = sourcecode.c.h; name = FMDatabasePool.h; path = fmdb/src/fmdb/FMDatabasePool.h; sourceTree = SOURCE_ROOT; };
		C98B8F211CCFD2FC0034DCB6 /* FMDatabasePool.m */ = {isa = PBXFileReference; fileEncoding = 4; lastKnownFileType = sourcecode.c.objc; name = FMDatabasePool.m; path = fmdb/src/fmdb/FMDatabasePool.m; sourceTree = SOURCE_ROOT; };
		C9B2321A1CC5870B003105CF /* Tangent.app */ = {isa = PBXFileReference; explicitFileType = wrapper.application; includeInIndex = 0; path = Tangent.app; sourceTree = BUILT_PRODUCTS_DIR; };
		C9B2321D1CC5870B003105CF /* AppDelegate.swift */ = {isa = PBXFileReference; lastKnownFileType = sourcecode.swift; path = AppDelegate.swift; sourceTree = "<group>"; };
		C9B232221CC5870B003105CF /* Base */ = {isa = PBXFileReference; lastKnownFileType = file.storyboard; name = Base; path = Base.lproj/Main.storyboard; sourceTree = "<group>"; };
		C9B232241CC5870B003105CF /* Assets.xcassets */ = {isa = PBXFileReference; lastKnownFileType = folder.assetcatalog; path = Assets.xcassets; sourceTree = "<group>"; };
		C9B232271CC5870B003105CF /* Base */ = {isa = PBXFileReference; lastKnownFileType = file.storyboard; name = Base; path = Base.lproj/LaunchScreen.storyboard; sourceTree = "<group>"; };
		C9B232291CC5870B003105CF /* Info.plist */ = {isa = PBXFileReference; lastKnownFileType = text.plist.xml; path = Info.plist; sourceTree = "<group>"; };
		C9B2322F1CC58B15003105CF /* NewRoomViewController.swift */ = {isa = PBXFileReference; fileEncoding = 4; lastKnownFileType = sourcecode.swift; path = NewRoomViewController.swift; sourceTree = "<group>"; };
		C9B232351CC6AC98003105CF /* RoomCollectionViewController.swift */ = {isa = PBXFileReference; fileEncoding = 4; lastKnownFileType = sourcecode.swift; path = RoomCollectionViewController.swift; sourceTree = "<group>"; };
		C9B232371CC6B5E8003105CF /* RoomCollectionViewCell.swift */ = {isa = PBXFileReference; fileEncoding = 4; lastKnownFileType = sourcecode.swift; path = RoomCollectionViewCell.swift; sourceTree = "<group>"; };
/* End PBXFileReference section */

/* Begin PBXFrameworksBuildPhase section */
		C9B232171CC5870B003105CF /* Frameworks */ = {
			isa = PBXFrameworksBuildPhase;
			buildActionMask = 2147483647;
			files = (
				C926C6E61CD18537001D14AD /* libsqlite3.tbd in Frameworks */,
			);
			runOnlyForDeploymentPostprocessing = 0;
		};
/* End PBXFrameworksBuildPhase section */

/* Begin PBXGroup section */
		C98B8F271CCFD3550034DCB6 /* DBSupportFiles */ = {
			isa = PBXGroup;
			children = (
				C98B8F171CCFD2FC0034DCB6 /* FMDB.h */,
				C98B8F181CCFD2FC0034DCB6 /* FMDatabase.h */,
				C98B8F191CCFD2FC0034DCB6 /* FMDatabase.m */,
				C98B8F1A1CCFD2FC0034DCB6 /* FMResultSet.h */,
				C98B8F1B1CCFD2FC0034DCB6 /* FMResultSet.m */,
				C98B8F1C1CCFD2FC0034DCB6 /* FMDatabaseQueue.h */,
				C98B8F1D1CCFD2FC0034DCB6 /* FMDatabaseQueue.m */,
				C98B8F1E1CCFD2FC0034DCB6 /* FMDatabaseAdditions.h */,
				C98B8F1F1CCFD2FC0034DCB6 /* FMDatabaseAdditions.m */,
				C98B8F201CCFD2FC0034DCB6 /* FMDatabasePool.h */,
				C98B8F211CCFD2FC0034DCB6 /* FMDatabasePool.m */,
			);
			name = DBSupportFiles;
			sourceTree = "<group>";
		};
		C9B232111CC5870B003105CF = {
			isa = PBXGroup;
			children = (
				C926C6E01CD1799F001D14AD /* Room+CoreDataProperties.swift */,
				C926C6E11CD1799F001D14AD /* Room.swift */,
				C98B8F141CCFD2610034DCB6 /* libsqlite3.tbd */,
				C9B2321C1CC5870B003105CF /* Tangent */,
				C9B2321B1CC5870B003105CF /* Products */,
			);
			sourceTree = "<group>";
		};
		C9B2321B1CC5870B003105CF /* Products */ = {
			isa = PBXGroup;
			children = (
				C9B2321A1CC5870B003105CF /* Tangent.app */,
			);
			name = Products;
			sourceTree = "<group>";
		};
		C9B2321C1CC5870B003105CF /* Tangent */ = {
			isa = PBXGroup;
			children = (
				C98B8F271CCFD3550034DCB6 /* DBSupportFiles */,
				C9B2321D1CC5870B003105CF /* AppDelegate.swift */,
				C926C6DD1CD17617001D14AD /* TangentDataModel.xcdatamodeld */,
				C9B232211CC5870B003105CF /* Main.storyboard */,
				C9B232371CC6B5E8003105CF /* RoomCollectionViewCell.swift */,
				C927663B1CC9A85B003217D6 /* DataHelper.swift */,
				C927663D1CC9A8FB003217D6 /* absorption-coefficients.csv */,
				C9B232241CC5870B003105CF /* Assets.xcassets */,
				C9B232261CC5870B003105CF /* LaunchScreen.storyboard */,
				C9B232291CC5870B003105CF /* Info.plist */,
				C9B2322F1CC58B15003105CF /* NewRoomViewController.swift */,
				C98B8F121CCFD0EC0034DCB6 /* DBController.swift */,
				C9B232351CC6AC98003105CF /* RoomCollectionViewController.swift */,
				C926C6E41CD18088001D14AD /* DataController.swift */,
				C98B8F161CCFD2FC0034DCB6 /* Tangent-Bridging-Header.h */,
				C926C6E71CD18D59001D14AD /* RoomViewController.swift */,
			);
			path = Tangent;
			sourceTree = "<group>";
		};
/* End PBXGroup section */

/* Begin PBXNativeTarget section */
		C9B232191CC5870B003105CF /* Tangent */ = {
			isa = PBXNativeTarget;
			buildConfigurationList = C9B2322C1CC5870B003105CF /* Build configuration list for PBXNativeTarget "Tangent" */;
			buildPhases = (
				C9B232161CC5870B003105CF /* Sources */,
				C9B232171CC5870B003105CF /* Frameworks */,
				C9B232181CC5870B003105CF /* Resources */,
			);
			buildRules = (
			);
			dependencies = (
			);
			name = Tangent;
			productName = Tangent;
			productReference = C9B2321A1CC5870B003105CF /* Tangent.app */;
			productType = "com.apple.product-type.application";
		};
/* End PBXNativeTarget section */

/* Begin PBXProject section */
		C9B232121CC5870B003105CF /* Project object */ = {
			isa = PBXProject;
			attributes = {
				LastSwiftUpdateCheck = 0730;
				LastUpgradeCheck = 0730;
				ORGANIZATIONNAME = Casey;
				TargetAttributes = {
					C9B232191CC5870B003105CF = {
						CreatedOnToolsVersion = 7.3;
					};
				};
			};
			buildConfigurationList = C9B232151CC5870B003105CF /* Build configuration list for PBXProject "Tangent" */;
			compatibilityVersion = "Xcode 3.2";
			developmentRegion = English;
			hasScannedForEncodings = 0;
			knownRegions = (
				en,
				Base,
			);
			mainGroup = C9B232111CC5870B003105CF;
			productRefGroup = C9B2321B1CC5870B003105CF /* Products */;
			projectDirPath = "";
			projectRoot = "";
			targets = (
				C9B232191CC5870B003105CF /* Tangent */,
			);
		};
/* End PBXProject section */

/* Begin PBXResourcesBuildPhase section */
		C9B232181CC5870B003105CF /* Resources */ = {
			isa = PBXResourcesBuildPhase;
			buildActionMask = 2147483647;
			files = (
				C9B232281CC5870B003105CF /* LaunchScreen.storyboard in Resources */,
				C927663E1CC9A8FB003217D6 /* absorption-coefficients.csv in Resources */,
				C9B232251CC5870B003105CF /* Assets.xcassets in Resources */,
				C9B232231CC5870B003105CF /* Main.storyboard in Resources */,
			);
			runOnlyForDeploymentPostprocessing = 0;
		};
/* End PBXResourcesBuildPhase section */

/* Begin PBXSourcesBuildPhase section */
		C9B232161CC5870B003105CF /* Sources */ = {
			isa = PBXSourcesBuildPhase;
			buildActionMask = 2147483647;
			files = (
				C926C6E21CD1799F001D14AD /* Room+CoreDataProperties.swift in Sources */,
				C9B232361CC6AC98003105CF /* RoomCollectionViewController.swift in Sources */,
				C98B8F261CCFD2FC0034DCB6 /* FMDatabasePool.m in Sources */,
				C9B232301CC58B15003105CF /* NewRoomViewController.swift in Sources */,
				C927663C1CC9A85B003217D6 /* DataHelper.swift in Sources */,
				C9B2321E1CC5870B003105CF /* AppDelegate.swift in Sources */,
				C98B8F241CCFD2FC0034DCB6 /* FMDatabaseQueue.m in Sources */,
				C9B232381CC6B5E8003105CF /* RoomCollectionViewCell.swift in Sources */,
				C926C6DF1CD17617001D14AD /* TangentDataModel.xcdatamodeld in Sources */,
				C98B8F251CCFD2FC0034DCB6 /* FMDatabaseAdditions.m in Sources */,
				C98B8F231CCFD2FC0034DCB6 /* FMResultSet.m in Sources */,
				C98B8F131CCFD0EC0034DCB6 /* DBController.swift in Sources */,
				C926C6E51CD18088001D14AD /* DataController.swift in Sources */,
				C98B8F221CCFD2FC0034DCB6 /* FMDatabase.m in Sources */,
				C926C6E31CD1799F001D14AD /* Room.swift in Sources */,
				C926C6E81CD18D59001D14AD /* RoomViewController.swift in Sources */,
			);
			runOnlyForDeploymentPostprocessing = 0;
		};
/* End PBXSourcesBuildPhase section */

/* Begin PBXVariantGroup section */
		C9B232211CC5870B003105CF /* Main.storyboard */ = {
			isa = PBXVariantGroup;
			children = (
				C9B232221CC5870B003105CF /* Base */,
			);
			name = Main.storyboard;
			sourceTree = "<group>";
		};
		C9B232261CC5870B003105CF /* LaunchScreen.storyboard */ = {
			isa = PBXVariantGroup;
			children = (
				C9B232271CC5870B003105CF /* Base */,
			);
			name = LaunchScreen.storyboard;
			sourceTree = "<group>";
		};
/* End PBXVariantGroup section */

/* Begin XCBuildConfiguration section */
		C9B2322A1CC5870B003105CF /* Debug */ = {
			isa = XCBuildConfiguration;
			buildSettings = {
				ALWAYS_SEARCH_USER_PATHS = NO;
				CLANG_ANALYZER_NONNULL = YES;
				CLANG_CXX_LANGUAGE_STANDARD = "gnu++0x";
				CLANG_CXX_LIBRARY = "libc++";
				CLANG_ENABLE_MODULES = YES;
				CLANG_ENABLE_OBJC_ARC = YES;
				CLANG_WARN_BOOL_CONVERSION = YES;
				CLANG_WARN_CONSTANT_CONVERSION = YES;
				CLANG_WARN_DIRECT_OBJC_ISA_USAGE = YES_ERROR;
				CLANG_WARN_EMPTY_BODY = YES;
				CLANG_WARN_ENUM_CONVERSION = YES;
				CLANG_WARN_INT_CONVERSION = YES;
				CLANG_WARN_OBJC_ROOT_CLASS = YES_ERROR;
				CLANG_WARN_UNREACHABLE_CODE = YES;
				CLANG_WARN__DUPLICATE_METHOD_MATCH = YES;
				"CODE_SIGN_IDENTITY[sdk=iphoneos*]" = "iPhone Developer";
				COPY_PHASE_STRIP = NO;
				DEBUG_INFORMATION_FORMAT = dwarf;
				ENABLE_STRICT_OBJC_MSGSEND = YES;
				ENABLE_TESTABILITY = YES;
				GCC_C_LANGUAGE_STANDARD = gnu99;
				GCC_DYNAMIC_NO_PIC = NO;
				GCC_NO_COMMON_BLOCKS = YES;
				GCC_OPTIMIZATION_LEVEL = 0;
				GCC_PREPROCESSOR_DEFINITIONS = (
					"DEBUG=1",
					"$(inherited)",
				);
				GCC_WARN_64_TO_32_BIT_CONVERSION = YES;
				GCC_WARN_ABOUT_RETURN_TYPE = YES_ERROR;
				GCC_WARN_UNDECLARED_SELECTOR = YES;
				GCC_WARN_UNINITIALIZED_AUTOS = YES_AGGRESSIVE;
				GCC_WARN_UNUSED_FUNCTION = YES;
				GCC_WARN_UNUSED_VARIABLE = YES;
				IPHONEOS_DEPLOYMENT_TARGET = 9.3;
				MTL_ENABLE_DEBUG_INFO = YES;
				ONLY_ACTIVE_ARCH = YES;
				SDKROOT = iphoneos;
				SWIFT_OPTIMIZATION_LEVEL = "-Onone";
				TARGETED_DEVICE_FAMILY = 2;
			};
			name = Debug;
		};
		C9B2322B1CC5870B003105CF /* Release */ = {
			isa = XCBuildConfiguration;
			buildSettings = {
				ALWAYS_SEARCH_USER_PATHS = NO;
				CLANG_ANALYZER_NONNULL = YES;
				CLANG_CXX_LANGUAGE_STANDARD = "gnu++0x";
				CLANG_CXX_LIBRARY = "libc++";
				CLANG_ENABLE_MODULES = YES;
				CLANG_ENABLE_OBJC_ARC = YES;
				CLANG_WARN_BOOL_CONVERSION = YES;
				CLANG_WARN_CONSTANT_CONVERSION = YES;
				CLANG_WARN_DIRECT_OBJC_ISA_USAGE = YES_ERROR;
				CLANG_WARN_EMPTY_BODY = YES;
				CLANG_WARN_ENUM_CONVERSION = YES;
				CLANG_WARN_INT_CONVERSION = YES;
				CLANG_WARN_OBJC_ROOT_CLASS = YES_ERROR;
				CLANG_WARN_UNREACHABLE_CODE = YES;
				CLANG_WARN__DUPLICATE_METHOD_MATCH = YES;
				"CODE_SIGN_IDENTITY[sdk=iphoneos*]" = "iPhone Developer";
				COPY_PHASE_STRIP = NO;
				DEBUG_INFORMATION_FORMAT = "dwarf-with-dsym";
				ENABLE_NS_ASSERTIONS = NO;
				ENABLE_STRICT_OBJC_MSGSEND = YES;
				GCC_C_LANGUAGE_STANDARD = gnu99;
				GCC_NO_COMMON_BLOCKS = YES;
				GCC_WARN_64_TO_32_BIT_CONVERSION = YES;
				GCC_WARN_ABOUT_RETURN_TYPE = YES_ERROR;
				GCC_WARN_UNDECLARED_SELECTOR = YES;
				GCC_WARN_UNINITIALIZED_AUTOS = YES_AGGRESSIVE;
				GCC_WARN_UNUSED_FUNCTION = YES;
				GCC_WARN_UNUSED_VARIABLE = YES;
				IPHONEOS_DEPLOYMENT_TARGET = 9.3;
				MTL_ENABLE_DEBUG_INFO = NO;
				SDKROOT = iphoneos;
				TARGETED_DEVICE_FAMILY = 2;
				VALIDATE_PRODUCT = YES;
			};
			name = Release;
		};
		C9B2322D1CC5870B003105CF /* Debug */ = {
			isa = XCBuildConfiguration;
			buildSettings = {
				ASSETCATALOG_COMPILER_APPICON_NAME = AppIcon;
				CLANG_ENABLE_MODULES = YES;
				INFOPLIST_FILE = Tangent/Info.plist;
				LD_RUNPATH_SEARCH_PATHS = "$(inherited) @executable_path/Frameworks";
				PRODUCT_BUNDLE_IDENTIFIER = MCTC.Tangent;
				PRODUCT_NAME = "$(TARGET_NAME)";
				SWIFT_OBJC_BRIDGING_HEADER = "Tangent/Tangent-Bridging-Header.h";
				SWIFT_OPTIMIZATION_LEVEL = "-Onone";
			};
			name = Debug;
		};
		C9B2322E1CC5870B003105CF /* Release */ = {
			isa = XCBuildConfiguration;
			buildSettings = {
				ASSETCATALOG_COMPILER_APPICON_NAME = AppIcon;
				CLANG_ENABLE_MODULES = YES;
				INFOPLIST_FILE = Tangent/Info.plist;
				LD_RUNPATH_SEARCH_PATHS = "$(inherited) @executable_path/Frameworks";
				PRODUCT_BUNDLE_IDENTIFIER = MCTC.Tangent;
				PRODUCT_NAME = "$(TARGET_NAME)";
				SWIFT_OBJC_BRIDGING_HEADER = "Tangent/Tangent-Bridging-Header.h";
			};
			name = Release;
		};
/* End XCBuildConfiguration section */

/* Begin XCConfigurationList section */
		C9B232151CC5870B003105CF /* Build configuration list for PBXProject "Tangent" */ = {
			isa = XCConfigurationList;
			buildConfigurations = (
				C9B2322A1CC5870B003105CF /* Debug */,
				C9B2322B1CC5870B003105CF /* Release */,
			);
			defaultConfigurationIsVisible = 0;
			defaultConfigurationName = Release;
		};
		C9B2322C1CC5870B003105CF /* Build configuration list for PBXNativeTarget "Tangent" */ = {
			isa = XCConfigurationList;
			buildConfigurations = (
				C9B2322D1CC5870B003105CF /* Debug */,
				C9B2322E1CC5870B003105CF /* Release */,
			);
			defaultConfigurationIsVisible = 0;
			defaultConfigurationName = Release;
		};
/* End XCConfigurationList section */

/* Begin XCVersionGroup section */
		C926C6DD1CD17617001D14AD /* TangentDataModel.xcdatamodeld */ = {
			isa = XCVersionGroup;
			children = (
				C926C6DE1CD17617001D14AD /* TangentDataModel.xcdatamodel */,
			);
			currentVersion = C926C6DE1CD17617001D14AD /* TangentDataModel.xcdatamodel */;
			path = TangentDataModel.xcdatamodeld;
			sourceTree = "<group>";
			versionGroupType = wrapper.xcdatamodel;
		};
/* End XCVersionGroup section */
	};
	rootObject = C9B232121CC5870B003105CF /* Project object */;
}
